
Microsoft Visual Studio Solution File, Format Version 12.00
# Visual Studio Version 16
VisualStudioVersion = 16.0.29728.190
MinimumVisualStudioVersion = 10.0.40219.1
Project("{FAE04EC0-301F-11D3-BF4B-00C04F79EFBC}") = "FinalStorm", "FinalStorm\FinalStorm.csproj", "{BE669DC1-56EB-4C33-89C2-A8EE52FF2281}"
EndProject
Project("{FAE04EC0-301F-11D3-BF4B-00C04F79EFBC}") = "DAL", "Mapper\DAL.csproj", "{C8C15EB0-56A0-4F5B-A648-2FB56DC4B2BD}"
EndProject
Project("{FAE04EC0-301F-11D3-BF4B-00C04F79EFBC}") = "BL", "BL\BL.csproj", "{9F3F8D1C-EAF6-44E9-B877-81FE9F2D571E}"
EndProject
Project("{FAE04EC0-301F-11D3-BF4B-00C04F79EFBC}") = "Model", "Model\Model.csproj", "{98549FEC-C100-4409-9711-A2CD713AD91F}"
EndProject
Project("{FAE04EC0-301F-11D3-BF4B-00C04F79EFBC}") = "FinalStromApi", "FinalStromApi\FinalStromApi.csproj", "{FD34B79A-9153-4188-8D22-ADAAD102E2A9}"
EndProject
Global
	GlobalSection(SolutionConfigurationPlatforms) = preSolution
		Debug|Any CPU = Debug|Any CPU
		Release|Any CPU = Release|Any CPU
	EndGlobalSection
	GlobalSection(ProjectConfigurationPlatforms) = postSolution
		{BE669DC1-56EB-4C33-89C2-A8EE52FF2281}.Debug|Any CPU.ActiveCfg = Debug|Any CPU
		{BE669DC1-56EB-4C33-89C2-A8EE52FF2281}.Debug|Any CPU.Build.0 = Debug|Any CPU
		{BE669DC1-56EB-4C33-89C2-A8EE52FF2281}.Release|Any CPU.ActiveCfg = Release|Any CPU
		{BE669DC1-56EB-4C33-89C2-A8EE52FF2281}.Release|Any CPU.Build.0 = Release|Any CPU
		{C8C15EB0-56A0-4F5B-A648-2FB56DC4B2BD}.Debug|Any CPU.ActiveCfg = Debug|Any CPU
		{C8C15EB0-56A0-4F5B-A648-2FB56DC4B2BD}.Debug|Any CPU.Build.0 = Debug|Any CPU
		{C8C15EB0-56A0-4F5B-A648-2FB56DC4B2BD}.Release|Any CPU.ActiveCfg = Release|Any CPU
		{C8C15EB0-56A0-4F5B-A648-2FB56DC4B2BD}.Release|Any CPU.Build.0 = Release|Any CPU
		{9F3F8D1C-EAF6-44E9-B877-81FE9F2D571E}.Debug|Any CPU.ActiveCfg = Debug|Any CPU
		{9F3F8D1C-EAF6-44E9-B877-81FE9F2D571E}.Debug|Any CPU.Build.0 = Debug|Any CPU
		{9F3F8D1C-EAF6-44E9-B877-81FE9F2D571E}.Release|Any CPU.ActiveCfg = Release|Any CPU
		{9F3F8D1C-EAF6-44E9-B877-81FE9F2D571E}.Release|Any CPU.Build.0 = Release|Any CPU
		{98549FEC-C100-4409-9711-A2CD713AD91F}.Debug|Any CPU.ActiveCfg = Debug|Any CPU
		{98549FEC-C100-4409-9711-A2CD713AD91F}.Debug|Any CPU.Build.0 = Debug|Any CPU
		{98549FEC-C100-4409-9711-A2CD713AD91F}.Release|Any CPU.ActiveCfg = Release|Any CPU
		{98549FEC-C100-4409-9711-A2CD713AD91F}.Release|Any CPU.Build.0 = Release|Any CPU
		{FD34B79A-9153-4188-8D22-ADAAD102E2A9}.Debug|Any CPU.ActiveCfg = Debug|Any CPU
		{FD34B79A-9153-4188-8D22-ADAAD102E2A9}.Debug|Any CPU.Build.0 = Debug|Any CPU
		{FD34B79A-9153-4188-8D22-ADAAD102E2A9}.Release|Any CPU.ActiveCfg = Release|Any CPU
		{FD34B79A-9153-4188-8D22-ADAAD102E2A9}.Release|Any CPU.Build.0 = Release|Any CPU
	EndGlobalSection
	GlobalSection(SolutionProperties) = preSolution
		HideSolutionNode = FALSE
	EndGlobalSection
	GlobalSection(ExtensibilityGlobals) = postSolution
		SolutionGuid = {B6B0D020-1B9C-4324-AF32-C6129868BCAF}
	EndGlobalSection
EndGlobal
